
Microsoft Visual Studio Solution File, Format Version 12.00
# Visual Studio Version 16
VisualStudioVersion = 16.0.31515.178
MinimumVisualStudioVersion = 10.0.40219.1
Project("{9A19103F-16F7-4668-BE54-9A1E7A4F7556}") = "ChallengeMELI", "src\Presentation\ChallengeMELI.csproj", "{21510E89-2091-46A3-8B23-33AA30394779}"
EndProject
Project("{2150E333-8FDC-42A3-9474-1A3956D46DE8}") = "Presentation", "Presentation", "{75DA3509-60BE-4D23-94DF-AE0DE5FF297D}"
EndProject
Project("{2150E333-8FDC-42A3-9474-1A3956D46DE8}") = "Core", "Core", "{A428E297-504C-4402-8C16-56D132B483AC}"
EndProject
Project("{2150E333-8FDC-42A3-9474-1A3956D46DE8}") = "Application", "Application", "{4765470E-69FC-4708-BED0-0D925C72B062}"
EndProject
Project("{2150E333-8FDC-42A3-9474-1A3956D46DE8}") = "Domain", "Domain", "{D7108677-5D0E-40AE-9787-3E9834F95E04}"
EndProject
Project("{2150E333-8FDC-42A3-9474-1A3956D46DE8}") = "Infrastructure", "Infrastructure", "{C69C08D1-8D44-429F-9132-3AC0E690D834}"
EndProject
Project("{2150E333-8FDC-42A3-9474-1A3956D46DE8}") = "Test", "Test", "{09B5DD7D-2C33-4EF8-8467-E52A1954B341}"
EndProject
Project("{9A19103F-16F7-4668-BE54-9A1E7A4F7556}") = "Challenge.MELI.Application", "src\Core\Application\Challenge.MELI.Application.csproj", "{D52B130C-4924-4E2E-AD47-A5F649C9A071}"
EndProject
Project("{9A19103F-16F7-4668-BE54-9A1E7A4F7556}") = "Challenge.MELI.Domain", "src\Core\Domain\Challenge.MELI.Domain.csproj", "{0CD59D3B-E4A4-403F-83FD-218D4E24F8DD}"
EndProject
Project("{9A19103F-16F7-4668-BE54-9A1E7A4F7556}") = "Challenge.MELI.Configuration", "src\Infrastructure\Configuration\Challenge.MELI.Configuration.csproj", "{D62E44EC-C477-4C04-8849-ACAA6A1C7574}"
EndProject
Project("{2150E333-8FDC-42A3-9474-1A3956D46DE8}") = "Configuration", "Configuration", "{3479C9E3-5D4F-4B08-B57B-6DD387869218}"
EndProject
Project("{2150E333-8FDC-42A3-9474-1A3956D46DE8}") = "Helpers", "Helpers", "{77C1F3C1-AE85-44E0-B6E3-F9219DD6D26A}"
EndProject
Project("{2150E333-8FDC-42A3-9474-1A3956D46DE8}") = "Persistence", "Persistence", "{2E574B38-E138-4816-BC41-E9E9D0CC1487}"
EndProject
Project("{9A19103F-16F7-4668-BE54-9A1E7A4F7556}") = "Challenge.MELI.Persistence", "src\Infrastructure\Persistence\Challenge.MELI.Persistence.csproj", "{5F86F857-95DF-4EB3-9EB8-164932A3356F}"
EndProject
Project("{9A19103F-16F7-4668-BE54-9A1E7A4F7556}") = "Challenge.MELI.Helpers", "src\Infrastructure\Helpers\Challenge.MELI.Helpers.csproj", "{6FD2EE8F-2ABC-42E8-BEC7-A2CDF1A18EAD}"
EndProject
Project("{2150E333-8FDC-42A3-9474-1A3956D46DE8}") = "ApiClient", "ApiClient", "{C7B6013E-03B4-4EC9-8912-2AAAD706678F}"
EndProject
Project("{9A19103F-16F7-4668-BE54-9A1E7A4F7556}") = "Challenge.MELI.ApiClient", "src\Infrastructure\ApiClient\Challenge.MELI.ApiClient.csproj", "{10AF9FDF-BF4B-4FBD-8121-D3F8053D9946}"
EndProject
Project("{E53339B2-1760-4266-BCC7-CA923CBCF16C}") = "docker-compose", "docker-compose.dcproj", "{6FC543CA-86C3-4537-8F4E-3A0EDE5EF756}"
EndProject
Global
	GlobalSection(SolutionConfigurationPlatforms) = preSolution
		Debug|Any CPU = Debug|Any CPU
		Release|Any CPU = Release|Any CPU
	EndGlobalSection
	GlobalSection(ProjectConfigurationPlatforms) = postSolution
		{21510E89-2091-46A3-8B23-33AA30394779}.Debug|Any CPU.ActiveCfg = Debug|Any CPU
		{21510E89-2091-46A3-8B23-33AA30394779}.Debug|Any CPU.Build.0 = Debug|Any CPU
		{21510E89-2091-46A3-8B23-33AA30394779}.Release|Any CPU.ActiveCfg = Release|Any CPU
		{21510E89-2091-46A3-8B23-33AA30394779}.Release|Any CPU.Build.0 = Release|Any CPU
		{D52B130C-4924-4E2E-AD47-A5F649C9A071}.Debug|Any CPU.ActiveCfg = Debug|Any CPU
		{D52B130C-4924-4E2E-AD47-A5F649C9A071}.Debug|Any CPU.Build.0 = Debug|Any CPU
		{D52B130C-4924-4E2E-AD47-A5F649C9A071}.Release|Any CPU.ActiveCfg = Release|Any CPU
		{D52B130C-4924-4E2E-AD47-A5F649C9A071}.Release|Any CPU.Build.0 = Release|Any CPU
		{0CD59D3B-E4A4-403F-83FD-218D4E24F8DD}.Debug|Any CPU.ActiveCfg = Debug|Any CPU
		{0CD59D3B-E4A4-403F-83FD-218D4E24F8DD}.Debug|Any CPU.Build.0 = Debug|Any CPU
		{0CD59D3B-E4A4-403F-83FD-218D4E24F8DD}.Release|Any CPU.ActiveCfg = Release|Any CPU
		{0CD59D3B-E4A4-403F-83FD-218D4E24F8DD}.Release|Any CPU.Build.0 = Release|Any CPU
		{D62E44EC-C477-4C04-8849-ACAA6A1C7574}.Debug|Any CPU.ActiveCfg = Debug|Any CPU
		{D62E44EC-C477-4C04-8849-ACAA6A1C7574}.Debug|Any CPU.Build.0 = Debug|Any CPU
		{D62E44EC-C477-4C04-8849-ACAA6A1C7574}.Release|Any CPU.ActiveCfg = Release|Any CPU
		{D62E44EC-C477-4C04-8849-ACAA6A1C7574}.Release|Any CPU.Build.0 = Release|Any CPU
		{5F86F857-95DF-4EB3-9EB8-164932A3356F}.Debug|Any CPU.ActiveCfg = Debug|Any CPU
		{5F86F857-95DF-4EB3-9EB8-164932A3356F}.Debug|Any CPU.Build.0 = Debug|Any CPU
		{5F86F857-95DF-4EB3-9EB8-164932A3356F}.Release|Any CPU.ActiveCfg = Release|Any CPU
		{5F86F857-95DF-4EB3-9EB8-164932A3356F}.Release|Any CPU.Build.0 = Release|Any CPU
		{6FD2EE8F-2ABC-42E8-BEC7-A2CDF1A18EAD}.Debug|Any CPU.ActiveCfg = Debug|Any CPU
		{6FD2EE8F-2ABC-42E8-BEC7-A2CDF1A18EAD}.Debug|Any CPU.Build.0 = Debug|Any CPU
		{6FD2EE8F-2ABC-42E8-BEC7-A2CDF1A18EAD}.Release|Any CPU.ActiveCfg = Release|Any CPU
		{6FD2EE8F-2ABC-42E8-BEC7-A2CDF1A18EAD}.Release|Any CPU.Build.0 = Release|Any CPU
		{10AF9FDF-BF4B-4FBD-8121-D3F8053D9946}.Debug|Any CPU.ActiveCfg = Debug|Any CPU
		{10AF9FDF-BF4B-4FBD-8121-D3F8053D9946}.Debug|Any CPU.Build.0 = Debug|Any CPU
		{10AF9FDF-BF4B-4FBD-8121-D3F8053D9946}.Release|Any CPU.ActiveCfg = Release|Any CPU
		{10AF9FDF-BF4B-4FBD-8121-D3F8053D9946}.Release|Any CPU.Build.0 = Release|Any CPU
		{6FC543CA-86C3-4537-8F4E-3A0EDE5EF756}.Debug|Any CPU.ActiveCfg = Debug|Any CPU
		{6FC543CA-86C3-4537-8F4E-3A0EDE5EF756}.Debug|Any CPU.Build.0 = Debug|Any CPU
		{6FC543CA-86C3-4537-8F4E-3A0EDE5EF756}.Release|Any CPU.ActiveCfg = Release|Any CPU
		{6FC543CA-86C3-4537-8F4E-3A0EDE5EF756}.Release|Any CPU.Build.0 = Release|Any CPU
	EndGlobalSection
	GlobalSection(SolutionProperties) = preSolution
		HideSolutionNode = FALSE
	EndGlobalSection
	GlobalSection(NestedProjects) = preSolution
		{21510E89-2091-46A3-8B23-33AA30394779} = {75DA3509-60BE-4D23-94DF-AE0DE5FF297D}
		{4765470E-69FC-4708-BED0-0D925C72B062} = {A428E297-504C-4402-8C16-56D132B483AC}
		{D7108677-5D0E-40AE-9787-3E9834F95E04} = {A428E297-504C-4402-8C16-56D132B483AC}
		{D52B130C-4924-4E2E-AD47-A5F649C9A071} = {4765470E-69FC-4708-BED0-0D925C72B062}
		{0CD59D3B-E4A4-403F-83FD-218D4E24F8DD} = {D7108677-5D0E-40AE-9787-3E9834F95E04}
		{D62E44EC-C477-4C04-8849-ACAA6A1C7574} = {3479C9E3-5D4F-4B08-B57B-6DD387869218}
		{3479C9E3-5D4F-4B08-B57B-6DD387869218} = {C69C08D1-8D44-429F-9132-3AC0E690D834}
		{77C1F3C1-AE85-44E0-B6E3-F9219DD6D26A} = {C69C08D1-8D44-429F-9132-3AC0E690D834}
		{2E574B38-E138-4816-BC41-E9E9D0CC1487} = {C69C08D1-8D44-429F-9132-3AC0E690D834}
		{5F86F857-95DF-4EB3-9EB8-164932A3356F} = {2E574B38-E138-4816-BC41-E9E9D0CC1487}
		{6FD2EE8F-2ABC-42E8-BEC7-A2CDF1A18EAD} = {77C1F3C1-AE85-44E0-B6E3-F9219DD6D26A}
		{C7B6013E-03B4-4EC9-8912-2AAAD706678F} = {C69C08D1-8D44-429F-9132-3AC0E690D834}
		{10AF9FDF-BF4B-4FBD-8121-D3F8053D9946} = {C7B6013E-03B4-4EC9-8912-2AAAD706678F}
	EndGlobalSection
	GlobalSection(ExtensibilityGlobals) = postSolution
		SolutionGuid = {98133EEE-E5DD-436A-9C26-6CC081FD6B40}
	EndGlobalSection
EndGlobal
